bazil.org/fuse v0.0.0-20160710010205-b3d5a5514a27 h1:B/XuqOXDHLJYmnRWMex7b4n0KxO2p1QijargUS6HfU0=
bazil.org/fuse v0.0.0-20160710010205-b3d5a5514a27/go.mod h1:Xbm+BRKSBEpa4q4hTSxohYNQpsxXPbPry4JJWOB3LB8=
github.com/codegangsta/cli v1.18.1-0.20160801031116-168c95418e66 h1:7tdjozSkr2XTKTKLutCwBFhTe1Z3n9m2KOIyOpQ+wEs=
github.com/codegangsta/cli v1.18.1-0.20160801031116-168c95418e66/go.mod h1:/qJNoX69yVSKu5o4jLyXAENLRyk1uhi7zkbQ3slBdOA=
github.com/golang/protobuf v0.0.0-20160712193813-874264fbbb43 h1:hqD5LoecFbk/F8KRMF5THTQDx6HLNdfCcth8BDpy6JQ=
github.com/golang/protobuf v0.0.0-20160712193813-874264fbbb43/go.mod h1:6lQm79b+lXiMfvg/cZm0SGofjICqVBUtrP5yJMmIC1U=
golang.org/x/net v0.0.0-20160707223729-f841c39de738 h1:N5K0l3yYkhlC0RSRoAhtspo2WgRvBMwZYoyB2ji+gkg=
golang.org/x/net v0.0.0-20160707223729-f841c39de738/go.mod h1:mL1N/T3taQHkDXs73rZJwtUhF3w3ftmwwsq0BUmARs4=
golang.org/x/oauth2 v0.0.0-20160706231941-7357e9616842 h1:Rh7hRv4glpxo8VmcvGh2Yu4YFio6isfNEhTxpGqv5vk=
golang.org/x/oauth2 v0.0.0-20160706231941-7357e9616842/go.mod h1:N/0e6XlmueqKjAGxoOufVs8QHGRruUQn6yWY3a++T0U=
golang.org/x/sys v0.0.0-20200905004654-be1d3432aa8f h1:Fqb3ao1hUmOR3GkUOg/Y+BadLwykBIzs5q8Ez2SbHyc=
golang.org/x/sys v0.0.0-20200905004654-be1d3432aa8f/go.mod h1:h1NjWce9XRLGQEsW7wpKNCjG9DtNlClVuFLEZdDNbEs=
google.golang.org/api v0.0.0-20160705142455-c13a21ee847e h1:kKXTKi+MJO2t7eOZ4FhjTxKvcsZ4Icgjm7yP0+6DrDs=
google.golang.org/api v0.0.0-20160705142455-c13a21ee847e/go.mod h1:4mhQ8q/RsB7i+udVvVy5NUi08OU8ZlA0gRVgrF7VFY0=
google.golang.org/appengine v0.0.0-20160621060416-267c27e74922 h1:gHCUPwst+IxLPSNSG+jClGv+Dz5Tly/Y8D73bvQwIXM=
google.golang.org/appengine v0.0.0-20160621060416-267c27e74922/go.mod h1:EbEs0AVv82hx2wNQdGPgUI5lhzA/G0D9YwlJXL52JkM=
google.golang.org/cloud v0.0.0-20160713024218-abc55035ece6 h1:Hoy/vbIcRvN5dZQSdo8kuHN5hl+zOhveVD/g3za5B+k=
google.golang.org/cloud v0.0.0-20160713024218-abc55035ece6/go.mod h1:0H1ncTHf11KCFhTc/+EFRbzSCOZx+VUbRMk55Yv5MYk=
